
Microsoft Visual Studio Solution File, Format Version 12.00
# Visual Studio Version 17
VisualStudioVersion = 17.8.34525.116
MinimumVisualStudioVersion = 10.0.40219.1
Project("{9A19103F-16F7-4668-BE54-9A1E7A4F7556}") = "BlazorLocalizationDemo", "BlazorLocalizationDemo\BlazorLocalizationDemo.csproj", "{7DF5F5A7-8505-4882-A1B3-AC53E8D87AED}"
EndProject
Project("{9A19103F-16F7-4668-BE54-9A1E7A4F7556}") = "BlazorIdentityDemo", "BlazorIdentityDemo\BlazorIdentityDemo.csproj", "{E4E4D09B-E5C4-423E-8B8E-3DDE7F84039F}"
EndProject
Project("{9A19103F-16F7-4668-BE54-9A1E7A4F7556}") = "BlazorPagingDemo", "BlazorPagingDemo\BlazorPagingDemo.csproj", "{1BBC8BF5-CC3E-4C7A-9FF2-DDBC13248769}"
EndProject
Project("{9A19103F-16F7-4668-BE54-9A1E7A4F7556}") = "BlazorLayoutDemo", "BlazorLayoutDemo\BlazorLayoutDemo.csproj", "{9E5C37E3-1C4E-4FF0-9CC7-E399395802E1}"
EndProject
Project("{2150E333-8FDC-42A3-9474-1A3956D46DE8}") = "Solution Item", "Solution Item", "{468F0AC5-3FAC-4E22-82C8-5457BA24B95A}"
	ProjectSection(SolutionItems) = preProject
		ReadMe.txt = ReadMe.txt
	EndProjectSection
EndProject
Project("{FAE04EC0-301F-11D3-BF4B-00C04F79EFBC}") = "BlazorJwtDemo", "BlazorJwtDemo\BlazorJwtDemo.csproj", "{4C778EB5-4C3F-4A32-A7B4-224637B95FDF}"
EndProject
Global
	GlobalSection(SolutionConfigurationPlatforms) = preSolution
		Debug|Any CPU = Debug|Any CPU
		Release|Any CPU = Release|Any CPU
	EndGlobalSection
	GlobalSection(ProjectConfigurationPlatforms) = postSolution
		{7DF5F5A7-8505-4882-A1B3-AC53E8D87AED}.Debug|Any CPU.ActiveCfg = Debug|Any CPU
		{7DF5F5A7-8505-4882-A1B3-AC53E8D87AED}.Debug|Any CPU.Build.0 = Debug|Any CPU
		{7DF5F5A7-8505-4882-A1B3-AC53E8D87AED}.Release|Any CPU.ActiveCfg = Release|Any CPU
		{7DF5F5A7-8505-4882-A1B3-AC53E8D87AED}.Release|Any CPU.Build.0 = Release|Any CPU
		{E4E4D09B-E5C4-423E-8B8E-3DDE7F84039F}.Debug|Any CPU.ActiveCfg = Debug|Any CPU
		{E4E4D09B-E5C4-423E-8B8E-3DDE7F84039F}.Debug|Any CPU.Build.0 = Debug|Any CPU
		{E4E4D09B-E5C4-423E-8B8E-3DDE7F84039F}.Release|Any CPU.ActiveCfg = Release|Any CPU
		{E4E4D09B-E5C4-423E-8B8E-3DDE7F84039F}.Release|Any CPU.Build.0 = Release|Any CPU
		{1BBC8BF5-CC3E-4C7A-9FF2-DDBC13248769}.Debug|Any CPU.ActiveCfg = Debug|Any CPU
		{1BBC8BF5-CC3E-4C7A-9FF2-DDBC13248769}.Debug|Any CPU.Build.0 = Debug|Any CPU
		{1BBC8BF5-CC3E-4C7A-9FF2-DDBC13248769}.Release|Any CPU.ActiveCfg = Release|Any CPU
		{1BBC8BF5-CC3E-4C7A-9FF2-DDBC13248769}.Release|Any CPU.Build.0 = Release|Any CPU
		{9E5C37E3-1C4E-4FF0-9CC7-E399395802E1}.Debug|Any CPU.ActiveCfg = Debug|Any CPU
		{9E5C37E3-1C4E-4FF0-9CC7-E399395802E1}.Debug|Any CPU.Build.0 = Debug|Any CPU
		{9E5C37E3-1C4E-4FF0-9CC7-E399395802E1}.Release|Any CPU.ActiveCfg = Release|Any CPU
		{9E5C37E3-1C4E-4FF0-9CC7-E399395802E1}.Release|Any CPU.Build.0 = Release|Any CPU
		{4C778EB5-4C3F-4A32-A7B4-224637B95FDF}.Debug|Any CPU.ActiveCfg = Debug|Any CPU
		{4C778EB5-4C3F-4A32-A7B4-224637B95FDF}.Debug|Any CPU.Build.0 = Debug|Any CPU
		{4C778EB5-4C3F-4A32-A7B4-224637B95FDF}.Release|Any CPU.ActiveCfg = Release|Any CPU
		{4C778EB5-4C3F-4A32-A7B4-224637B95FDF}.Release|Any CPU.Build.0 = Release|Any CPU
	EndGlobalSection
	GlobalSection(SolutionProperties) = preSolution
		HideSolutionNode = FALSE
	EndGlobalSection
	GlobalSection(ExtensibilityGlobals) = postSolution
		SolutionGuid = {14FFBB3C-7110-4271-A8BD-2F54EE1CB722}
	EndGlobalSection
EndGlobal
